
Microsoft Visual Studio Solution File, Format Version 12.00
# Visual Studio Version 17
VisualStudioVersion = 17.5.33530.505
MinimumVisualStudioVersion = 10.0.40219.1
Project("{FAE04EC0-301F-11D3-BF4B-00C04F79EFBC}") = "FinalGTAPI", "FinalGTAPI\FinalGTAPI.csproj", "{EAEE20EA-CB18-472A-8162-13AE416466FF}"
EndProject
Global
	GlobalSection(SolutionConfigurationPlatforms) = preSolution
		Debug|Any CPU = Debug|Any CPU
		Release|Any CPU = Release|Any CPU
	EndGlobalSection
	GlobalSection(ProjectConfigurationPlatforms) = postSolution
		{EAEE20EA-CB18-472A-8162-13AE416466FF}.Debug|Any CPU.ActiveCfg = Debug|Any CPU
		{EAEE20EA-CB18-472A-8162-13AE416466FF}.Debug|Any CPU.Build.0 = Debug|Any CPU
		{EAEE20EA-CB18-472A-8162-13AE416466FF}.Release|Any CPU.ActiveCfg = Release|Any CPU
		{EAEE20EA-CB18-472A-8162-13AE416466FF}.Release|Any CPU.Build.0 = Release|Any CPU
	EndGlobalSection
	GlobalSection(SolutionProperties) = preSolution
		HideSolutionNode = FALSE
	EndGlobalSection
	GlobalSection(ExtensibilityGlobals) = postSolution
		SolutionGuid = {ACF0F1E5-E9C2-4712-8D0A-FAD3D42FC377}
	EndGlobalSection
EndGlobal
